// !$*UTF8*$!
{
	archiveVersion = 1;
	classes = {
	};
	objectVersion = 56;
	objects = {

/* Begin PBXBuildFile section */
		62429A922A2144AF007CEE76 /* MainCoordinator.swift in Sources */ = {isa = PBXBuildFile; fileRef = 62429A912A2144AF007CEE76 /* MainCoordinator.swift */; };
		62429A952A2241D8007CEE76 /* MainCoordinatorTests.swift in Sources */ = {isa = PBXBuildFile; fileRef = 62429A942A2241D8007CEE76 /* MainCoordinatorTests.swift */; };
		629CBE9C2A33E44600F3AEFD /* MockNavigationController.swift in Sources */ = {isa = PBXBuildFile; fileRef = 629CBE9B2A33E44600F3AEFD /* MockNavigationController.swift */; };
		62FA7FC82A14078B00E327F1 /* UserOperation.swift in Sources */ = {isa = PBXBuildFile; fileRef = 62FA7F9D2A14078600E327F1 /* UserOperation.swift */; };
		62FA7FC92A14078B00E327F1 /* Constants.swift in Sources */ = {isa = PBXBuildFile; fileRef = 62FA7FA02A14078700E327F1 /* Constants.swift */; };
		62FA7FCA2A14078B00E327F1 /* NetworkError.swift in Sources */ = {isa = PBXBuildFile; fileRef = 62FA7FA12A14078700E327F1 /* NetworkError.swift */; };
		62FA7FCB2A14078B00E327F1 /* StringHelper.swift in Sources */ = {isa = PBXBuildFile; fileRef = 62FA7FA22A14078700E327F1 /* StringHelper.swift */; };
		62FA7FCC2A14078B00E327F1 /* String.swift in Sources */ = {isa = PBXBuildFile; fileRef = 62FA7FA42A14078700E327F1 /* String.swift */; };
		62FA7FCD2A14078B00E327F1 /* UIImage.swift in Sources */ = {isa = PBXBuildFile; fileRef = 62FA7FA52A14078700E327F1 /* UIImage.swift */; };
		62FA7FCE2A14078B00E327F1 /* UIWindow.swift in Sources */ = {isa = PBXBuildFile; fileRef = 62FA7FA62A14078700E327F1 /* UIWindow.swift */; };
		62FA7FCF2A14078B00E327F1 /* NSObject.swift in Sources */ = {isa = PBXBuildFile; fileRef = 62FA7FA82A14078700E327F1 /* NSObject.swift */; };
		62FA7FD02A14078B00E327F1 /* UsersViewModel.swift in Sources */ = {isa = PBXBuildFile; fileRef = 62FA7FAA2A14078700E327F1 /* UsersViewModel.swift */; };
		62FA7FD12A14078B00E327F1 /* UserDetailViewModel.swift in Sources */ = {isa = PBXBuildFile; fileRef = 62FA7FAB2A14078700E327F1 /* UserDetailViewModel.swift */; };
		62FA7FD22A14078B00E327F1 /* UsersViewModelProtocol.swift in Sources */ = {isa = PBXBuildFile; fileRef = 62FA7FAC2A14078700E327F1 /* UsersViewModelProtocol.swift */; };
		62FA7FD32A14078B00E327F1 /* UserDetailViewModelProtocol.swift in Sources */ = {isa = PBXBuildFile; fileRef = 62FA7FAD2A14078700E327F1 /* UserDetailViewModelProtocol.swift */; };
		62FA7FD42A14078B00E327F1 /* AlertController.swift in Sources */ = {isa = PBXBuildFile; fileRef = 62FA7FB02A14078800E327F1 /* AlertController.swift */; };
		62FA7FD52A14078B00E327F1 /* DownloadImage.swift in Sources */ = {isa = PBXBuildFile; fileRef = 62FA7FB22A14078800E327F1 /* DownloadImage.swift */; };
		62FA7FD62A14078B00E327F1 /* LoadingView.swift in Sources */ = {isa = PBXBuildFile; fileRef = 62FA7FB42A14078800E327F1 /* LoadingView.swift */; };
		62FA7FD72A14078B00E327F1 /* UsersModel.swift in Sources */ = {isa = PBXBuildFile; fileRef = 62FA7FB62A14078800E327F1 /* UsersModel.swift */; };
		62FA7FD82A14078B00E327F1 /* SearchUserModel.swift in Sources */ = {isa = PBXBuildFile; fileRef = 62FA7FB72A14078800E327F1 /* SearchUserModel.swift */; };
		62FA7FD92A14078B00E327F1 /* UserDetailModel.swift in Sources */ = {isa = PBXBuildFile; fileRef = 62FA7FB82A14078800E327F1 /* UserDetailModel.swift */; };
		62FA7FDA2A14078B00E327F1 /* UserTableViewCell.swift in Sources */ = {isa = PBXBuildFile; fileRef = 62FA7FBB2A14078900E327F1 /* UserTableViewCell.swift */; };
		62FA7FDB2A14078B00E327F1 /* UserDetailTableViewCell.swift in Sources */ = {isa = PBXBuildFile; fileRef = 62FA7FBC2A14078900E327F1 /* UserDetailTableViewCell.swift */; };
		62FA7FDC2A14078B00E327F1 /* UsersViewController.swift in Sources */ = {isa = PBXBuildFile; fileRef = 62FA7FBE2A14078900E327F1 /* UsersViewController.swift */; };
		62FA7FDD2A14078B00E327F1 /* UserDetailViewController.swift in Sources */ = {isa = PBXBuildFile; fileRef = 62FA7FBF2A14078900E327F1 /* UserDetailViewController.swift */; };
		62FA7FDE2A14078B00E327F1 /* UserManagerProtocol.swift in Sources */ = {isa = PBXBuildFile; fileRef = 62FA7FC12A14078A00E327F1 /* UserManagerProtocol.swift */; };
		62FA7FDF2A14078B00E327F1 /* UserManager.swift in Sources */ = {isa = PBXBuildFile; fileRef = 62FA7FC22A14078A00E327F1 /* UserManager.swift */; };
		62FA7FE02A14078B00E327F1 /* Assets.xcassets in Resources */ = {isa = PBXBuildFile; fileRef = 62FA7FC42A14078A00E327F1 /* Assets.xcassets */; };
		62FA7FE12A14078B00E327F1 /* AppDelegate.swift in Sources */ = {isa = PBXBuildFile; fileRef = 62FA7FC52A14078A00E327F1 /* AppDelegate.swift */; };
		62FA7FE32A14078B00E327F1 /* SceneDelegate.swift in Sources */ = {isa = PBXBuildFile; fileRef = 62FA7FC72A14078A00E327F1 /* SceneDelegate.swift */; };
		62FA7FEC2A14079700E327F1 /* MockData.swift in Sources */ = {isa = PBXBuildFile; fileRef = 62FA7FE52A14079300E327F1 /* MockData.swift */; };
		62FA7FED2A14079700E327F1 /* UserManagerMock.swift in Sources */ = {isa = PBXBuildFile; fileRef = 62FA7FE62A14079300E327F1 /* UserManagerMock.swift */; };
		62FA7FEE2A14079700E327F1 /* UsersViewModelTests.swift in Sources */ = {isa = PBXBuildFile; fileRef = 62FA7FE82A14079400E327F1 /* UsersViewModelTests.swift */; };
		62FA7FEF2A14079700E327F1 /* UserDetailViewModelTests.swift in Sources */ = {isa = PBXBuildFile; fileRef = 62FA7FE92A14079400E327F1 /* UserDetailViewModelTests.swift */; };
		62FA7FF02A14079700E327F1 /* UserManagerTests.swift in Sources */ = {isa = PBXBuildFile; fileRef = 62FA7FEB2A14079500E327F1 /* UserManagerTests.swift */; };
/* End PBXBuildFile section */

/* Begin PBXContainerItemProxy section */
		62FA7F802A1406F700E327F1 /* PBXContainerItemProxy */ = {
			isa = PBXContainerItemProxy;
			containerPortal = 62FA7F612A1406F500E327F1 /* Project object */;
			proxyType = 1;
			remoteGlobalIDString = 62FA7F682A1406F500E327F1;
			remoteInfo = UsersGitHub;
		};
		62FA7F8A2A1406F800E327F1 /* PBXContainerItemProxy */ = {
			isa = PBXContainerItemProxy;
			containerPortal = 62FA7F612A1406F500E327F1 /* Project object */;
			proxyType = 1;
			remoteGlobalIDString = 62FA7F682A1406F500E327F1;
			remoteInfo = UsersGitHub;
		};
/* End PBXContainerItemProxy section */

/* Begin PBXFileReference section */
		62429A912A2144AF007CEE76 /* MainCoordinator.swift */ = {isa = PBXFileReference; lastKnownFileType = sourcecode.swift; path = MainCoordinator.swift; sourceTree = "<group>"; };
		62429A942A2241D8007CEE76 /* MainCoordinatorTests.swift */ = {isa = PBXFileReference; lastKnownFileType = sourcecode.swift; path = MainCoordinatorTests.swift; sourceTree = "<group>"; };
		629CBE9B2A33E44600F3AEFD /* MockNavigationController.swift */ = {isa = PBXFileReference; lastKnownFileType = sourcecode.swift; path = MockNavigationController.swift; sourceTree = "<group>"; };
		62FA7F692A1406F500E327F1 /* UsersGitHub.app */ = {isa = PBXFileReference; explicitFileType = wrapper.application; includeInIndex = 0; path = UsersGitHub.app; sourceTree = BUILT_PRODUCTS_DIR; };
		62FA7F7A2A1406F700E327F1 /* Info.plist */ = {isa = PBXFileReference; lastKnownFileType = text.plist.xml; path = Info.plist; sourceTree = "<group>"; };
		62FA7F7F2A1406F700E327F1 /* UsersGitHubTests.xctest */ = {isa = PBXFileReference; explicitFileType = wrapper.cfbundle; includeInIndex = 0; path = UsersGitHubTests.xctest; sourceTree = BUILT_PRODUCTS_DIR; };
		62FA7F892A1406F800E327F1 /* UsersGitHubUITests.xctest */ = {isa = PBXFileReference; explicitFileType = wrapper.cfbundle; includeInIndex = 0; path = UsersGitHubUITests.xctest; sourceTree = BUILT_PRODUCTS_DIR; };
		62FA7F9D2A14078600E327F1 /* UserOperation.swift */ = {isa = PBXFileReference; fileEncoding = 4; lastKnownFileType = sourcecode.swift; path = UserOperation.swift; sourceTree = "<group>"; };
		62FA7FA02A14078700E327F1 /* Constants.swift */ = {isa = PBXFileReference; fileEncoding = 4; lastKnownFileType = sourcecode.swift; path = Constants.swift; sourceTree = "<group>"; };
		62FA7FA12A14078700E327F1 /* NetworkError.swift */ = {isa = PBXFileReference; fileEncoding = 4; lastKnownFileType = sourcecode.swift; path = NetworkError.swift; sourceTree = "<group>"; };
		62FA7FA22A14078700E327F1 /* StringHelper.swift */ = {isa = PBXFileReference; fileEncoding = 4; lastKnownFileType = sourcecode.swift; path = StringHelper.swift; sourceTree = "<group>"; };
		62FA7FA42A14078700E327F1 /* String.swift */ = {isa = PBXFileReference; fileEncoding = 4; lastKnownFileType = sourcecode.swift; path = String.swift; sourceTree = "<group>"; };
		62FA7FA52A14078700E327F1 /* UIImage.swift */ = {isa = PBXFileReference; fileEncoding = 4; lastKnownFileType = sourcecode.swift; path = UIImage.swift; sourceTree = "<group>"; };
		62FA7FA62A14078700E327F1 /* UIWindow.swift */ = {isa = PBXFileReference; fileEncoding = 4; lastKnownFileType = sourcecode.swift; path = UIWindow.swift; sourceTree = "<group>"; };
		62FA7FA82A14078700E327F1 /* NSObject.swift */ = {isa = PBXFileReference; fileEncoding = 4; lastKnownFileType = sourcecode.swift; path = NSObject.swift; sourceTree = "<group>"; };
		62FA7FAA2A14078700E327F1 /* UsersViewModel.swift */ = {isa = PBXFileReference; fileEncoding = 4; lastKnownFileType = sourcecode.swift; path = UsersViewModel.swift; sourceTree = "<group>"; };
		62FA7FAB2A14078700E327F1 /* UserDetailViewModel.swift */ = {isa = PBXFileReference; fileEncoding = 4; lastKnownFileType = sourcecode.swift; path = UserDetailViewModel.swift; sourceTree = "<group>"; };
		62FA7FAC2A14078700E327F1 /* UsersViewModelProtocol.swift */ = {isa = PBXFileReference; fileEncoding = 4; lastKnownFileType = sourcecode.swift; path = UsersViewModelProtocol.swift; sourceTree = "<group>"; };
		62FA7FAD2A14078700E327F1 /* UserDetailViewModelProtocol.swift */ = {isa = PBXFileReference; fileEncoding = 4; lastKnownFileType = sourcecode.swift; path = UserDetailViewModelProtocol.swift; sourceTree = "<group>"; };
		62FA7FB02A14078800E327F1 /* AlertController.swift */ = {isa = PBXFileReference; fileEncoding = 4; lastKnownFileType = sourcecode.swift; path = AlertController.swift; sourceTree = "<group>"; };
		62FA7FB22A14078800E327F1 /* DownloadImage.swift */ = {isa = PBXFileReference; fileEncoding = 4; lastKnownFileType = sourcecode.swift; path = DownloadImage.swift; sourceTree = "<group>"; };
		62FA7FB42A14078800E327F1 /* LoadingView.swift */ = {isa = PBXFileReference; fileEncoding = 4; lastKnownFileType = sourcecode.swift; path = LoadingView.swift; sourceTree = "<group>"; };
		62FA7FB62A14078800E327F1 /* UsersModel.swift */ = {isa = PBXFileReference; fileEncoding = 4; lastKnownFileType = sourcecode.swift; path = UsersModel.swift; sourceTree = "<group>"; };
		62FA7FB72A14078800E327F1 /* SearchUserModel.swift */ = {isa = PBXFileReference; fileEncoding = 4; lastKnownFileType = sourcecode.swift; path = SearchUserModel.swift; sourceTree = "<group>"; };
		62FA7FB82A14078800E327F1 /* UserDetailModel.swift */ = {isa = PBXFileReference; fileEncoding = 4; lastKnownFileType = sourcecode.swift; path = UserDetailModel.swift; sourceTree = "<group>"; };
		62FA7FBB2A14078900E327F1 /* UserTableViewCell.swift */ = {isa = PBXFileReference; fileEncoding = 4; lastKnownFileType = sourcecode.swift; path = UserTableViewCell.swift; sourceTree = "<group>"; };
		62FA7FBC2A14078900E327F1 /* UserDetailTableViewCell.swift */ = {isa = PBXFileReference; fileEncoding = 4; lastKnownFileType = sourcecode.swift; path = UserDetailTableViewCell.swift; sourceTree = "<group>"; };
		62FA7FBE2A14078900E327F1 /* UsersViewController.swift */ = {isa = PBXFileReference; fileEncoding = 4; lastKnownFileType = sourcecode.swift; path = UsersViewController.swift; sourceTree = "<group>"; };
		62FA7FBF2A14078900E327F1 /* UserDetailViewController.swift */ = {isa = PBXFileReference; fileEncoding = 4; lastKnownFileType = sourcecode.swift; path = UserDetailViewController.swift; sourceTree = "<group>"; };
		62FA7FC12A14078A00E327F1 /* UserManagerProtocol.swift */ = {isa = PBXFileReference; fileEncoding = 4; lastKnownFileType = sourcecode.swift; path = UserManagerProtocol.swift; sourceTree = "<group>"; };
		62FA7FC22A14078A00E327F1 /* UserManager.swift */ = {isa = PBXFileReference; fileEncoding = 4; lastKnownFileType = sourcecode.swift; path = UserManager.swift; sourceTree = "<group>"; };
		62FA7FC42A14078A00E327F1 /* Assets.xcassets */ = {isa = PBXFileReference; lastKnownFileType = folder.assetcatalog; path = Assets.xcassets; sourceTree = "<group>"; };
		62FA7FC52A14078A00E327F1 /* AppDelegate.swift */ = {isa = PBXFileReference; fileEncoding = 4; lastKnownFileType = sourcecode.swift; path = AppDelegate.swift; sourceTree = "<group>"; };
		62FA7FC72A14078A00E327F1 /* SceneDelegate.swift */ = {isa = PBXFileReference; fileEncoding = 4; lastKnownFileType = sourcecode.swift; path = SceneDelegate.swift; sourceTree = "<group>"; };
		62FA7FE52A14079300E327F1 /* MockData.swift */ = {isa = PBXFileReference; fileEncoding = 4; lastKnownFileType = sourcecode.swift; path = MockData.swift; sourceTree = "<group>"; };
		62FA7FE62A14079300E327F1 /* UserManagerMock.swift */ = {isa = PBXFileReference; fileEncoding = 4; lastKnownFileType = sourcecode.swift; path = UserManagerMock.swift; sourceTree = "<group>"; };
		62FA7FE82A14079400E327F1 /* UsersViewModelTests.swift */ = {isa = PBXFileReference; fileEncoding = 4; lastKnownFileType = sourcecode.swift; path = UsersViewModelTests.swift; sourceTree = "<group>"; };
		62FA7FE92A14079400E327F1 /* UserDetailViewModelTests.swift */ = {isa = PBXFileReference; fileEncoding = 4; lastKnownFileType = sourcecode.swift; path = UserDetailViewModelTests.swift; sourceTree = "<group>"; };
		62FA7FEB2A14079500E327F1 /* UserManagerTests.swift */ = {isa = PBXFileReference; fileEncoding = 4; lastKnownFileType = sourcecode.swift; path = UserManagerTests.swift; sourceTree = "<group>"; };
/* End PBXFileReference section */

/* Begin PBXFrameworksBuildPhase section */
		62FA7F662A1406F500E327F1 /* Frameworks */ = {
			isa = PBXFrameworksBuildPhase;
			buildActionMask = 2147483647;
			files = (
			);
			runOnlyForDeploymentPostprocessing = 0;
		};
		62FA7F7C2A1406F700E327F1 /* Frameworks */ = {
			isa = PBXFrameworksBuildPhase;
			buildActionMask = 2147483647;
			files = (
			);
			runOnlyForDeploymentPostprocessing = 0;
		};
		62FA7F862A1406F800E327F1 /* Frameworks */ = {
			isa = PBXFrameworksBuildPhase;
			buildActionMask = 2147483647;
			files = (
			);
			runOnlyForDeploymentPostprocessing = 0;
		};
/* End PBXFrameworksBuildPhase section */

/* Begin PBXGroup section */
		62429A8C2A1D2A4E007CEE76 /* Coordinator */ = {
			isa = PBXGroup;
			children = (
				62429A912A2144AF007CEE76 /* MainCoordinator.swift */,
			);
			path = Coordinator;
			sourceTree = "<group>";
		};
		62429A932A2241C5007CEE76 /* Coordinator */ = {
			isa = PBXGroup;
			children = (
				62429A942A2241D8007CEE76 /* MainCoordinatorTests.swift */,
			);
			path = Coordinator;
			sourceTree = "<group>";
		};
		62FA7F602A1406F500E327F1 = {
			isa = PBXGroup;
			children = (
				62FA7F6B2A1406F500E327F1 /* UsersGitHub */,
				62FA7F822A1406F700E327F1 /* UsersGitHubTests */,
				62FA7F6A2A1406F500E327F1 /* Products */,
			);
			sourceTree = "<group>";
		};
		62FA7F6A2A1406F500E327F1 /* Products */ = {
			isa = PBXGroup;
			children = (
				62FA7F692A1406F500E327F1 /* UsersGitHub.app */,
				62FA7F7F2A1406F700E327F1 /* UsersGitHubTests.xctest */,
				62FA7F892A1406F800E327F1 /* UsersGitHubUITests.xctest */,
			);
			name = Products;
			sourceTree = "<group>";
		};
		62FA7F6B2A1406F500E327F1 /* UsersGitHub */ = {
			isa = PBXGroup;
			children = (
				62429A8C2A1D2A4E007CEE76 /* Coordinator */,
				62FA7FAE2A14078800E327F1 /* Components */,
				62FA7F9E2A14078700E327F1 /* Infrastructure */,
				62FA7FC02A14078A00E327F1 /* Manager */,
				62FA7FB52A14078800E327F1 /* Model */,
				62FA7F9C2A14078600E327F1 /* Operation */,
				62FA7FC32A14078A00E327F1 /* Resource */,
				62FA7FB92A14078900E327F1 /* View */,
				62FA7FA92A14078700E327F1 /* ViewModel */,
			);
			path = UsersGitHub;
			sourceTree = "<group>";
		};
		62FA7F822A1406F700E327F1 /* UsersGitHubTests */ = {
			isa = PBXGroup;
			children = (
				62429A932A2241C5007CEE76 /* Coordinator */,
				62FA7FEA2A14079500E327F1 /* Manager */,
				62FA7FE42A14079300E327F1 /* Mock */,
				62FA7FE72A14079400E327F1 /* ViewModel */,
			);
			path = UsersGitHubTests;
			sourceTree = "<group>";
		};
		62FA7F9C2A14078600E327F1 /* Operation */ = {
			isa = PBXGroup;
			children = (
				62FA7F9D2A14078600E327F1 /* UserOperation.swift */,
			);
			path = Operation;
			sourceTree = "<group>";
		};
		62FA7F9E2A14078700E327F1 /* Infrastructure */ = {
			isa = PBXGroup;
			children = (
				62FA7F9F2A14078700E327F1 /* Enuns */,
				62FA7FA32A14078700E327F1 /* Extensions */,
				62FA7FA72A14078700E327F1 /* NSObject */,
			);
			path = Infrastructure;
			sourceTree = "<group>";
		};
		62FA7F9F2A14078700E327F1 /* Enuns */ = {
			isa = PBXGroup;
			children = (
				62FA7FA02A14078700E327F1 /* Constants.swift */,
				62FA7FA12A14078700E327F1 /* NetworkError.swift */,
				62FA7FA22A14078700E327F1 /* StringHelper.swift */,
			);
			path = Enuns;
			sourceTree = "<group>";
		};
		62FA7FA32A14078700E327F1 /* Extensions */ = {
			isa = PBXGroup;
			children = (
				62FA7FA42A14078700E327F1 /* String.swift */,
				62FA7FA52A14078700E327F1 /* UIImage.swift */,
				62FA7FA62A14078700E327F1 /* UIWindow.swift */,
			);
			path = Extensions;
			sourceTree = "<group>";
		};
		62FA7FA72A14078700E327F1 /* NSObject */ = {
			isa = PBXGroup;
			children = (
				62FA7FA82A14078700E327F1 /* NSObject.swift */,
			);
			path = NSObject;
			sourceTree = "<group>";
		};
		62FA7FA92A14078700E327F1 /* ViewModel */ = {
			isa = PBXGroup;
			children = (
				62FA7FAA2A14078700E327F1 /* UsersViewModel.swift */,
				62FA7FAB2A14078700E327F1 /* UserDetailViewModel.swift */,
				62FA7FAC2A14078700E327F1 /* UsersViewModelProtocol.swift */,
				62FA7FAD2A14078700E327F1 /* UserDetailViewModelProtocol.swift */,
			);
			path = ViewModel;
			sourceTree = "<group>";
		};
		62FA7FAE2A14078800E327F1 /* Components */ = {
			isa = PBXGroup;
			children = (
				62FA7FAF2A14078800E327F1 /* Alerts */,
				62FA7FB12A14078800E327F1 /* DownloadImage */,
				62FA7FB32A14078800E327F1 /* LoadingView */,
			);
			path = Components;
			sourceTree = "<group>";
		};
		62FA7FAF2A14078800E327F1 /* Alerts */ = {
			isa = PBXGroup;
			children = (
				62FA7FB02A14078800E327F1 /* AlertController.swift */,
			);
			path = Alerts;
			sourceTree = "<group>";
		};
		62FA7FB12A14078800E327F1 /* DownloadImage */ = {
			isa = PBXGroup;
			children = (
				62FA7FB22A14078800E327F1 /* DownloadImage.swift */,
			);
			path = DownloadImage;
			sourceTree = "<group>";
		};
		62FA7FB32A14078800E327F1 /* LoadingView */ = {
			isa = PBXGroup;
			children = (
				62FA7FB42A14078800E327F1 /* LoadingView.swift */,
			);
			path = LoadingView;
			sourceTree = "<group>";
		};
		62FA7FB52A14078800E327F1 /* Model */ = {
			isa = PBXGroup;
			children = (
				62FA7FB62A14078800E327F1 /* UsersModel.swift */,
				62FA7FB72A14078800E327F1 /* SearchUserModel.swift */,
				62FA7FB82A14078800E327F1 /* UserDetailModel.swift */,
			);
			path = Model;
			sourceTree = "<group>";
		};
		62FA7FB92A14078900E327F1 /* View */ = {
			isa = PBXGroup;
			children = (
				62FA7FBA2A14078900E327F1 /* Cells */,
				62FA7FBD2A14078900E327F1 /* Controllers */,
			);
			path = View;
			sourceTree = "<group>";
		};
		62FA7FBA2A14078900E327F1 /* Cells */ = {
			isa = PBXGroup;
			children = (
				62FA7FBB2A14078900E327F1 /* UserTableViewCell.swift */,
				62FA7FBC2A14078900E327F1 /* UserDetailTableViewCell.swift */,
			);
			path = Cells;
			sourceTree = "<group>";
		};
		62FA7FBD2A14078900E327F1 /* Controllers */ = {
			isa = PBXGroup;
			children = (
				62FA7FBE2A14078900E327F1 /* UsersViewController.swift */,
				62FA7FBF2A14078900E327F1 /* UserDetailViewController.swift */,
			);
			path = Controllers;
			sourceTree = "<group>";
		};
		62FA7FC02A14078A00E327F1 /* Manager */ = {
			isa = PBXGroup;
			children = (
				62FA7FC12A14078A00E327F1 /* UserManagerProtocol.swift */,
				62FA7FC22A14078A00E327F1 /* UserManager.swift */,
			);
			path = Manager;
			sourceTree = "<group>";
		};
		62FA7FC32A14078A00E327F1 /* Resource */ = {
			isa = PBXGroup;
			children = (
				62FA7FC42A14078A00E327F1 /* Assets.xcassets */,
				62FA7FC52A14078A00E327F1 /* AppDelegate.swift */,
				62FA7F7A2A1406F700E327F1 /* Info.plist */,
				62FA7FC72A14078A00E327F1 /* SceneDelegate.swift */,
			);
			path = Resource;
			sourceTree = "<group>";
		};
		62FA7FE42A14079300E327F1 /* Mock */ = {
			isa = PBXGroup;
			children = (
				629CBE9B2A33E44600F3AEFD /* MockNavigationController.swift */,
				62FA7FE52A14079300E327F1 /* MockData.swift */,
				62FA7FE62A14079300E327F1 /* UserManagerMock.swift */,
			);
			path = Mock;
			sourceTree = "<group>";
		};
		62FA7FE72A14079400E327F1 /* ViewModel */ = {
			isa = PBXGroup;
			children = (
				62FA7FE82A14079400E327F1 /* UsersViewModelTests.swift */,
				62FA7FE92A14079400E327F1 /* UserDetailViewModelTests.swift */,
			);
			path = ViewModel;
			sourceTree = "<group>";
		};
		62FA7FEA2A14079500E327F1 /* Manager */ = {
			isa = PBXGroup;
			children = (
				62FA7FEB2A14079500E327F1 /* UserManagerTests.swift */,
			);
			path = Manager;
			sourceTree = "<group>";
		};
/* End PBXGroup section */

/* Begin PBXNativeTarget section */
		62FA7F682A1406F500E327F1 /* UsersGitHub */ = {
			isa = PBXNativeTarget;
			buildConfigurationList = 62FA7F932A1406F800E327F1 /* Build configuration list for PBXNativeTarget "UsersGitHub" */;
			buildPhases = (
				62FA7F652A1406F500E327F1 /* Sources */,
				62FA7F662A1406F500E327F1 /* Frameworks */,
				62FA7F672A1406F500E327F1 /* Resources */,
			);
			buildRules = (
			);
			dependencies = (
			);
			name = UsersGitHub;
			productName = UsersGitHub;
			productReference = 62FA7F692A1406F500E327F1 /* UsersGitHub.app */;
			productType = "com.apple.product-type.application";
		};
		62FA7F7E2A1406F700E327F1 /* UsersGitHubTests */ = {
			isa = PBXNativeTarget;
			buildConfigurationList = 62FA7F962A1406F800E327F1 /* Build configuration list for PBXNativeTarget "UsersGitHubTests" */;
			buildPhases = (
				62FA7F7B2A1406F700E327F1 /* Sources */,
				62FA7F7C2A1406F700E327F1 /* Frameworks */,
				62FA7F7D2A1406F700E327F1 /* Resources */,
			);
			buildRules = (
			);
			dependencies = (
				62FA7F812A1406F700E327F1 /* PBXTargetDependency */,
			);
			name = UsersGitHubTests;
			productName = UsersGitHubTests;
			productReference = 62FA7F7F2A1406F700E327F1 /* UsersGitHubTests.xctest */;
			productType = "com.apple.product-type.bundle.unit-test";
		};
		62FA7F882A1406F800E327F1 /* UsersGitHubUITests */ = {
			isa = PBXNativeTarget;
			buildConfigurationList = 62FA7F992A1406F800E327F1 /* Build configuration list for PBXNativeTarget "UsersGitHubUITests" */;
			buildPhases = (
				62FA7F852A1406F800E327F1 /* Sources */,
				62FA7F862A1406F800E327F1 /* Frameworks */,
				62FA7F872A1406F800E327F1 /* Resources */,
			);
			buildRules = (
			);
			dependencies = (
				62FA7F8B2A1406F800E327F1 /* PBXTargetDependency */,
			);
			name = UsersGitHubUITests;
			productName = UsersGitHubUITests;
			productReference = 62FA7F892A1406F800E327F1 /* UsersGitHubUITests.xctest */;
			productType = "com.apple.product-type.bundle.ui-testing";
		};
/* End PBXNativeTarget section */

/* Begin PBXProject section */
		62FA7F612A1406F500E327F1 /* Project object */ = {
			isa = PBXProject;
			attributes = {
				BuildIndependentTargetsInParallel = 1;
				LastSwiftUpdateCheck = 1420;
				LastUpgradeCheck = 1420;
				TargetAttributes = {
					62FA7F682A1406F500E327F1 = {
						CreatedOnToolsVersion = 14.2;
					};
					62FA7F7E2A1406F700E327F1 = {
						CreatedOnToolsVersion = 14.2;
						TestTargetID = 62FA7F682A1406F500E327F1;
					};
					62FA7F882A1406F800E327F1 = {
						CreatedOnToolsVersion = 14.2;
						TestTargetID = 62FA7F682A1406F500E327F1;
					};
				};
			};
			buildConfigurationList = 62FA7F642A1406F500E327F1 /* Build configuration list for PBXProject "UsersGitHub" */;
			compatibilityVersion = "Xcode 14.0";
			developmentRegion = en;
			hasScannedForEncodings = 0;
			knownRegions = (
				en,
				Base,
			);
			mainGroup = 62FA7F602A1406F500E327F1;
			productRefGroup = 62FA7F6A2A1406F500E327F1 /* Products */;
			projectDirPath = "";
			projectRoot = "";
			targets = (
				62FA7F682A1406F500E327F1 /* UsersGitHub */,
				62FA7F7E2A1406F700E327F1 /* UsersGitHubTests */,
				62FA7F882A1406F800E327F1 /* UsersGitHubUITests */,
			);
		};
/* End PBXProject section */

/* Begin PBXResourcesBuildPhase section */
		62FA7F672A1406F500E327F1 /* Resources */ = {
			isa = PBXResourcesBuildPhase;
			buildActionMask = 2147483647;
			files = (
				62FA7FE02A14078B00E327F1 /* Assets.xcassets in Resources */,
			);
			runOnlyForDeploymentPostprocessing = 0;
		};
		62FA7F7D2A1406F700E327F1 /* Resources */ = {
			isa = PBXResourcesBuildPhase;
			buildActionMask = 2147483647;
			files = (
			);
			runOnlyForDeploymentPostprocessing = 0;
		};
		62FA7F872A1406F800E327F1 /* Resources */ = {
			isa = PBXResourcesBuildPhase;
			buildActionMask = 2147483647;
			files = (
			);
			runOnlyForDeploymentPostprocessing = 0;
		};
/* End PBXResourcesBuildPhase section */

/* Begin PBXSourcesBuildPhase section */
		62FA7F652A1406F500E327F1 /* Sources */ = {
			isa = PBXSourcesBuildPhase;
			buildActionMask = 2147483647;
			files = (
				62FA7FCE2A14078B00E327F1 /* UIWindow.swift in Sources */,
				62FA7FD22A14078B00E327F1 /* UsersViewModelProtocol.swift in Sources */,
				62FA7FD62A14078B00E327F1 /* LoadingView.swift in Sources */,
				62FA7FCF2A14078B00E327F1 /* NSObject.swift in Sources */,
				62FA7FD12A14078B00E327F1 /* UserDetailViewModel.swift in Sources */,
				62FA7FDB2A14078B00E327F1 /* UserDetailTableViewCell.swift in Sources */,
				62429A922A2144AF007CEE76 /* MainCoordinator.swift in Sources */,
				62FA7FDF2A14078B00E327F1 /* UserManager.swift in Sources */,
				62FA7FD32A14078B00E327F1 /* UserDetailViewModelProtocol.swift in Sources */,
				62FA7FCB2A14078B00E327F1 /* StringHelper.swift in Sources */,
				62FA7FD92A14078B00E327F1 /* UserDetailModel.swift in Sources */,
				62FA7FCA2A14078B00E327F1 /* NetworkError.swift in Sources */,
				62FA7FDD2A14078B00E327F1 /* UserDetailViewController.swift in Sources */,
				62FA7FDC2A14078B00E327F1 /* UsersViewController.swift in Sources */,
				62FA7FE12A14078B00E327F1 /* AppDelegate.swift in Sources */,
				62FA7FCC2A14078B00E327F1 /* String.swift in Sources */,
				62FA7FCD2A14078B00E327F1 /* UIImage.swift in Sources */,
				62FA7FDE2A14078B00E327F1 /* UserManagerProtocol.swift in Sources */,
				62FA7FD52A14078B00E327F1 /* DownloadImage.swift in Sources */,
				62FA7FDA2A14078B00E327F1 /* UserTableViewCell.swift in Sources */,
				62FA7FC82A14078B00E327F1 /* UserOperation.swift in Sources */,
				62FA7FD02A14078B00E327F1 /* UsersViewModel.swift in Sources */,
				62FA7FE32A14078B00E327F1 /* SceneDelegate.swift in Sources */,
				62FA7FD82A14078B00E327F1 /* SearchUserModel.swift in Sources */,
				62FA7FC92A14078B00E327F1 /* Constants.swift in Sources */,
				62FA7FD72A14078B00E327F1 /* UsersModel.swift in Sources */,
				62FA7FD42A14078B00E327F1 /* AlertController.swift in Sources */,
			);
			runOnlyForDeploymentPostprocessing = 0;
		};
		62FA7F7B2A1406F700E327F1 /* Sources */ = {
			isa = PBXSourcesBuildPhase;
			buildActionMask = 2147483647;
			files = (
				62FA7FED2A14079700E327F1 /* UserManagerMock.swift in Sources */,
				62FA7FF02A14079700E327F1 /* UserManagerTests.swift in Sources */,
				62FA7FEE2A14079700E327F1 /* UsersViewModelTests.swift in Sources */,
				62FA7FEF2A14079700E327F1 /* UserDetailViewModelTests.swift in Sources */,
				62FA7FEC2A14079700E327F1 /* MockData.swift in Sources */,
				629CBE9C2A33E44600F3AEFD /* MockNavigationController.swift in Sources */,
				62429A952A2241D8007CEE76 /* MainCoordinatorTests.swift in Sources */,
			);
			runOnlyForDeploymentPostprocessing = 0;
		};
		62FA7F852A1406F800E327F1 /* Sources */ = {
			isa = PBXSourcesBuildPhase;
			buildActionMask = 2147483647;
			files = (
			);
			runOnlyForDeploymentPostprocessing = 0;
		};
/* End PBXSourcesBuildPhase section */

/* Begin PBXTargetDependency section */
		62FA7F812A1406F700E327F1 /* PBXTargetDependency */ = {
			isa = PBXTargetDependency;
			target = 62FA7F682A1406F500E327F1 /* UsersGitHub */;
			targetProxy = 62FA7F802A1406F700E327F1 /* PBXContainerItemProxy */;
		};
		62FA7F8B2A1406F800E327F1 /* PBXTargetDependency */ = {
			isa = PBXTargetDependency;
			target = 62FA7F682A1406F500E327F1 /* UsersGitHub */;
			targetProxy = 62FA7F8A2A1406F800E327F1 /* PBXContainerItemProxy */;
		};
/* End PBXTargetDependency section */

/* Begin XCBuildConfiguration section */
		62FA7F912A1406F800E327F1 /* Debug */ = {
			isa = XCBuildConfiguration;
			buildSettings = {
				ALWAYS_SEARCH_USER_PATHS = NO;
				CLANG_ANALYZER_NONNULL = YES;
				CLANG_ANALYZER_NUMBER_OBJECT_CONVERSION = YES_AGGRESSIVE;
				CLANG_CXX_LANGUAGE_STANDARD = "gnu++20";
				CLANG_ENABLE_MODULES = YES;
				CLANG_ENABLE_OBJC_ARC = YES;
				CLANG_ENABLE_OBJC_WEAK = YES;
				CLANG_WARN_BLOCK_CAPTURE_AUTORELEASING = YES;
				CLANG_WARN_BOOL_CONVERSION = YES;
				CLANG_WARN_COMMA = YES;
				CLANG_WARN_CONSTANT_CONVERSION = YES;
				CLANG_WARN_DEPRECATED_OBJC_IMPLEMENTATIONS = YES;
				CLANG_WARN_DIRECT_OBJC_ISA_USAGE = YES_ERROR;
				CLANG_WARN_DOCUMENTATION_COMMENTS = YES;
				CLANG_WARN_EMPTY_BODY = YES;
				CLANG_WARN_ENUM_CONVERSION = YES;
				CLANG_WARN_INFINITE_RECURSION = YES;
				CLANG_WARN_INT_CONVERSION = YES;
				CLANG_WARN_NON_LITERAL_NULL_CONVERSION = YES;
				CLANG_WARN_OBJC_IMPLICIT_RETAIN_SELF = YES;
				CLANG_WARN_OBJC_LITERAL_CONVERSION = YES;
				CLANG_WARN_OBJC_ROOT_CLASS = YES_ERROR;
				CLANG_WARN_QUOTED_INCLUDE_IN_FRAMEWORK_HEADER = YES;
				CLANG_WARN_RANGE_LOOP_ANALYSIS = YES;
				CLANG_WARN_STRICT_PROTOTYPES = YES;
				CLANG_WARN_SUSPICIOUS_MOVE = YES;
				CLANG_WARN_UNGUARDED_AVAILABILITY = YES_AGGRESSIVE;
				CLANG_WARN_UNREACHABLE_CODE = YES;
				CLANG_WARN__DUPLICATE_METHOD_MATCH = YES;
				COPY_PHASE_STRIP = NO;
				DEBUG_INFORMATION_FORMAT = dwarf;
				ENABLE_STRICT_OBJC_MSGSEND = YES;
				ENABLE_TESTABILITY = YES;
				GCC_C_LANGUAGE_STANDARD = gnu11;
				GCC_DYNAMIC_NO_PIC = NO;
				GCC_NO_COMMON_BLOCKS = YES;
				GCC_OPTIMIZATION_LEVEL = 0;
				GCC_PREPROCESSOR_DEFINITIONS = (
					"DEBUG=1",
					"$(inherited)",
				);
				GCC_WARN_64_TO_32_BIT_CONVERSION = YES;
				GCC_WARN_ABOUT_RETURN_TYPE = YES_ERROR;
				GCC_WARN_UNDECLARED_SELECTOR = YES;
				GCC_WARN_UNINITIALIZED_AUTOS = YES_AGGRESSIVE;
				GCC_WARN_UNUSED_FUNCTION = YES;
				GCC_WARN_UNUSED_VARIABLE = YES;
				IPHONEOS_DEPLOYMENT_TARGET = 16.2;
				MTL_ENABLE_DEBUG_INFO = INCLUDE_SOURCE;
				MTL_FAST_MATH = YES;
				ONLY_ACTIVE_ARCH = YES;
				SDKROOT = iphoneos;
				SWIFT_ACTIVE_COMPILATION_CONDITIONS = DEBUG;
				SWIFT_OPTIMIZATION_LEVEL = "-Onone";
			};
			name = Debug;
		};
		62FA7F922A1406F800E327F1 /* Release */ = {
			isa = XCBuildConfiguration;
			buildSettings = {
				ALWAYS_SEARCH_USER_PATHS = NO;
				CLANG_ANALYZER_NONNULL = YES;
				CLANG_ANALYZER_NUMBER_OBJECT_CONVERSION = YES_AGGRESSIVE;
				CLANG_CXX_LANGUAGE_STANDARD = "gnu++20";
				CLANG_ENABLE_MODULES = YES;
				CLANG_ENABLE_OBJC_ARC = YES;
				CLANG_ENABLE_OBJC_WEAK = YES;
				CLANG_WARN_BLOCK_CAPTURE_AUTORELEASING = YES;
				CLANG_WARN_BOOL_CONVERSION = YES;
				CLANG_WARN_COMMA = YES;
				CLANG_WARN_CONSTANT_CONVERSION = YES;
				CLANG_WARN_DEPRECATED_OBJC_IMPLEMENTATIONS = YES;
				CLANG_WARN_DIRECT_OBJC_ISA_USAGE = YES_ERROR;
				CLANG_WARN_DOCUMENTATION_COMMENTS = YES;
				CLANG_WARN_EMPTY_BODY = YES;
				CLANG_WARN_ENUM_CONVERSION = YES;
				CLANG_WARN_INFINITE_RECURSION = YES;
				CLANG_WARN_INT_CONVERSION = YES;
				CLANG_WARN_NON_LITERAL_NULL_CONVERSION = YES;
				CLANG_WARN_OBJC_IMPLICIT_RETAIN_SELF = YES;
				CLANG_WARN_OBJC_LITERAL_CONVERSION = YES;
				CLANG_WARN_OBJC_ROOT_CLASS = YES_ERROR;
				CLANG_WARN_QUOTED_INCLUDE_IN_FRAMEWORK_HEADER = YES;
				CLANG_WARN_RANGE_LOOP_ANALYSIS = YES;
				CLANG_WARN_STRICT_PROTOTYPES = YES;
				CLANG_WARN_SUSPICIOUS_MOVE = YES;
				CLANG_WARN_UNGUARDED_AVAILABILITY = YES_AGGRESSIVE;
				CLANG_WARN_UNREACHABLE_CODE = YES;
				CLANG_WARN__DUPLICATE_METHOD_MATCH = YES;
				COPY_PHASE_STRIP = NO;
				DEBUG_INFORMATION_FORMAT = "dwarf-with-dsym";
				ENABLE_NS_ASSERTIONS = NO;
				ENABLE_STRICT_OBJC_MSGSEND = YES;
				GCC_C_LANGUAGE_STANDARD = gnu11;
				GCC_NO_COMMON_BLOCKS = YES;
				GCC_WARN_64_TO_32_BIT_CONVERSION = YES;
				GCC_WARN_ABOUT_RETURN_TYPE = YES_ERROR;
				GCC_WARN_UNDECLARED_SELECTOR = YES;
				GCC_WARN_UNINITIALIZED_AUTOS = YES_AGGRESSIVE;
				GCC_WARN_UNUSED_FUNCTION = YES;
				GCC_WARN_UNUSED_VARIABLE = YES;
				IPHONEOS_DEPLOYMENT_TARGET = 16.2;
				MTL_ENABLE_DEBUG_INFO = NO;
				MTL_FAST_MATH = YES;
				SDKROOT = iphoneos;
				SWIFT_COMPILATION_MODE = wholemodule;
				SWIFT_OPTIMIZATION_LEVEL = "-O";
				VALIDATE_PRODUCT = YES;
			};
			name = Release;
		};
		62FA7F942A1406F800E327F1 /* Debug */ = {
			isa = XCBuildConfiguration;
			buildSettings = {
				ASSETCATALOG_COMPILER_APPICON_NAME = AppIcon;
				ASSETCATALOG_COMPILER_GLOBAL_ACCENT_COLOR_NAME = AccentColor;
				CODE_SIGN_STYLE = Automatic;
				CURRENT_PROJECT_VERSION = 1;
				GENERATE_INFOPLIST_FILE = YES;
				INFOPLIST_FILE = UsersGitHub/Resource/Info.plist;
				INFOPLIST_KEY_UIApplicationSupportsIndirectInputEvents = YES;
				INFOPLIST_KEY_UILaunchStoryboardName = LaunchScreen;
				INFOPLIST_KEY_UISupportedInterfaceOrientations_iPad = "UIInterfaceOrientationPortrait UIInterfaceOrientationPortraitUpsideDown UIInterfaceOrientationLandscapeLeft UIInterfaceOrientationLandscapeRight";
				INFOPLIST_KEY_UISupportedInterfaceOrientations_iPhone = "UIInterfaceOrientationPortrait UIInterfaceOrientationLandscapeLeft UIInterfaceOrientationLandscapeRight";
				LD_RUNPATH_SEARCH_PATHS = (
					"$(inherited)",
					"@executable_path/Frameworks",
				);
				MARKETING_VERSION = 1.0;
				PRODUCT_BUNDLE_IDENTIFIER = miguel.UsersGitHub;
				PRODUCT_NAME = "$(TARGET_NAME)";
				SUPPORTED_PLATFORMS = "iphoneos iphonesimulator";
				SUPPORTS_MACCATALYST = NO;
				SUPPORTS_MAC_DESIGNED_FOR_IPHONE_IPAD = NO;
				SWIFT_EMIT_LOC_STRINGS = YES;
				SWIFT_VERSION = 5.0;
				TARGETED_DEVICE_FAMILY = 1;
			};
			name = Debug;
		};
		62FA7F952A1406F800E327F1 /* Release */ = {
			isa = XCBuildConfiguration;
			buildSettings = {
				ASSETCATALOG_COMPILER_APPICON_NAME = AppIcon;
				ASSETCATALOG_COMPILER_GLOBAL_ACCENT_COLOR_NAME = AccentColor;
				CODE_SIGN_STYLE = Automatic;
				CURRENT_PROJECT_VERSION = 1;
				GENERATE_INFOPLIST_FILE = YES;
				INFOPLIST_FILE = UsersGitHub/Resource/Info.plist;
				INFOPLIST_KEY_UIApplicationSupportsIndirectInputEvents = YES;
				INFOPLIST_KEY_UILaunchStoryboardName = LaunchScreen;
				INFOPLIST_KEY_UISupportedInterfaceOrientations_iPad = "UIInterfaceOrientationPortrait UIInterfaceOrientationPortraitUpsideDown UIInterfaceOrientationLandscapeLeft UIInterfaceOrientationLandscapeRight";
				INFOPLIST_KEY_UISupportedInterfaceOrientations_iPhone = "UIInterfaceOrientationPortrait UIInterfaceOrientationLandscapeLeft UIInterfaceOrientationLandscapeRight";
				LD_RUNPATH_SEARCH_PATHS = (
					"$(inherited)",
					"@executable_path/Frameworks",
				);
				MARKETING_VERSION = 1.0;
				PRODUCT_BUNDLE_IDENTIFIER = miguel.UsersGitHub;
				PRODUCT_NAME = "$(TARGET_NAME)";
				SUPPORTED_PLATFORMS = "iphoneos iphonesimulator";
				SUPPORTS_MACCATALYST = NO;
				SUPPORTS_MAC_DESIGNED_FOR_IPHONE_IPAD = NO;
				SWIFT_EMIT_LOC_STRINGS = YES;
				SWIFT_VERSION = 5.0;
				TARGETED_DEVICE_FAMILY = 1;
			};
			name = Release;
		};
		62FA7F972A1406F800E327F1 /* Debug */ = {
			isa = XCBuildConfiguration;
			buildSettings = {
				ALWAYS_EMBED_SWIFT_STANDARD_LIBRARIES = YES;
				BUNDLE_LOADER = "$(TEST_HOST)";
				CODE_SIGN_STYLE = Automatic;
				CURRENT_PROJECT_VERSION = 1;
				GENERATE_INFOPLIST_FILE = YES;
				IPHONEOS_DEPLOYMENT_TARGET = 16.2;
				MARKETING_VERSION = 1.0;
				PRODUCT_BUNDLE_IDENTIFIER = miguel.UsersGitHubTests;
				PRODUCT_NAME = "$(TARGET_NAME)";
				SWIFT_EMIT_LOC_STRINGS = NO;
				SWIFT_VERSION = 5.0;
				TARGETED_DEVICE_FAMILY = "1,2";
				TEST_HOST = "$(BUILT_PRODUCTS_DIR)/UsersGitHub.app/$(BUNDLE_EXECUTABLE_FOLDER_PATH)/UsersGitHub";
			};
			name = Debug;
		};
		62FA7F982A1406F800E327F1 /* Release */ = {
			isa = XCBuildConfiguration;
			buildSettings = {
				ALWAYS_EMBED_SWIFT_STANDARD_LIBRARIES = YES;
				BUNDLE_LOADER = "$(TEST_HOST)";
				CODE_SIGN_STYLE = Automatic;
				CURRENT_PROJECT_VERSION = 1;
				GENERATE_INFOPLIST_FILE = YES;
				IPHONEOS_DEPLOYMENT_TARGET = 16.2;
				MARKETING_VERSION = 1.0;
				PRODUCT_BUNDLE_IDENTIFIER = miguel.UsersGitHubTests;
				PRODUCT_NAME = "$(TARGET_NAME)";
				SWIFT_EMIT_LOC_STRINGS = NO;
				SWIFT_VERSION = 5.0;
				TARGETED_DEVICE_FAMILY = "1,2";
				TEST_HOST = "$(BUILT_PRODUCTS_DIR)/UsersGitHub.app/$(BUNDLE_EXECUTABLE_FOLDER_PATH)/UsersGitHub";
			};
			name = Release;
		};
		62FA7F9A2A1406F800E327F1 /* Debug */ = {
			isa = XCBuildConfiguration;
			buildSettings = {
				ALWAYS_EMBED_SWIFT_STANDARD_LIBRARIES = YES;
				CODE_SIGN_STYLE = Automatic;
				CURRENT_PROJECT_VERSION = 1;
				GENERATE_INFOPLIST_FILE = YES;
				MARKETING_VERSION = 1.0;
				PRODUCT_BUNDLE_IDENTIFIER = miguel.UsersGitHubUITests;
				PRODUCT_NAME = "$(TARGET_NAME)";
				SWIFT_EMIT_LOC_STRINGS = NO;
				SWIFT_VERSION = 5.0;
				TARGETED_DEVICE_FAMILY = "1,2";
				TEST_TARGET_NAME = UsersGitHub;
			};
			name = Debug;
		};
		62FA7F9B2A1406F800E327F1 /* Release */ = {
			isa = XCBuildConfiguration;
			buildSettings = {
				ALWAYS_EMBED_SWIFT_STANDARD_LIBRARIES = YES;
				CODE_SIGN_STYLE = Automatic;
				CURRENT_PROJECT_VERSION = 1;
				GENERATE_INFOPLIST_FILE = YES;
				MARKETING_VERSION = 1.0;
				PRODUCT_BUNDLE_IDENTIFIER = miguel.UsersGitHubUITests;
				PRODUCT_NAME = "$(TARGET_NAME)";
				SWIFT_EMIT_LOC_STRINGS = NO;
				SWIFT_VERSION = 5.0;
				TARGETED_DEVICE_FAMILY = "1,2";
				TEST_TARGET_NAME = UsersGitHub;
			};
			name = Release;
		};
/* End XCBuildConfiguration section */

/* Begin XCConfigurationList section */
		62FA7F642A1406F500E327F1 /* Build configuration list for PBXProject "UsersGitHub" */ = {
			isa = XCConfigurationList;
			buildConfigurations = (
				62FA7F912A1406F800E327F1 /* Debug */,
				62FA7F922A1406F800E327F1 /* Release */,
			);
			defaultConfigurationIsVisible = 0;
			defaultConfigurationName = Release;
		};
		62FA7F932A1406F800E327F1 /* Build configuration list for PBXNativeTarget "UsersGitHub" */ = {
			isa = XCConfigurationList;
			buildConfigurations = (
				62FA7F942A1406F800E327F1 /* Debug */,
				62FA7F952A1406F800E327F1 /* Release */,
			);
			defaultConfigurationIsVisible = 0;
			defaultConfigurationName = Release;
		};
		62FA7F962A1406F800E327F1 /* Build configuration list for PBXNativeTarget "UsersGitHubTests" */ = {
			isa = XCConfigurationList;
			buildConfigurations = (
				62FA7F972A1406F800E327F1 /* Debug */,
				62FA7F982A1406F800E327F1 /* Release */,
			);
			defaultConfigurationIsVisible = 0;
			defaultConfigurationName = Release;
		};
		62FA7F992A1406F800E327F1 /* Build configuration list for PBXNativeTarget "UsersGitHubUITests" */ = {
			isa = XCConfigurationList;
			buildConfigurations = (
				62FA7F9A2A1406F800E327F1 /* Debug */,
				62FA7F9B2A1406F800E327F1 /* Release */,
			);
			defaultConfigurationIsVisible = 0;
			defaultConfigurationName = Release;
		};
/* End XCConfigurationList section */
	};
	rootObject = 62FA7F612A1406F500E327F1 /* Project object */;
}
